// !$*UTF8*$!
{
	archiveVersion = 1;
	classes = {
	};
	objectVersion = 50;
	objects = {

/* Begin PBXBuildFile section */
		FA58305B25AF283500DA02A6 /* AppDelegate.swift in Sources */ = {isa = PBXBuildFile; fileRef = FA58305A25AF283500DA02A6 /* AppDelegate.swift */; };
		FA58305D25AF283500DA02A6 /* SceneDelegate.swift in Sources */ = {isa = PBXBuildFile; fileRef = FA58305C25AF283500DA02A6 /* SceneDelegate.swift */; };
		FA58305F25AF283500DA02A6 /* CalculateViewController.swift in Sources */ = {isa = PBXBuildFile; fileRef = FA58305E25AF283500DA02A6 /* CalculateViewController.swift */; };
		FA58306225AF283500DA02A6 /* Main.storyboard in Resources */ = {isa = PBXBuildFile; fileRef = FA58306025AF283500DA02A6 /* Main.storyboard */; };
		FA58306425AF283700DA02A6 /* Assets.xcassets in Resources */ = {isa = PBXBuildFile; fileRef = FA58306325AF283700DA02A6 /* Assets.xcassets */; };
		FA58306725AF283700DA02A6 /* LaunchScreen.storyboard in Resources */ = {isa = PBXBuildFile; fileRef = FA58306525AF283700DA02A6 /* LaunchScreen.storyboard */; };
		FA6EF70625B01822008E733E /* SecondViewContoller.swift in Sources */ = {isa = PBXBuildFile; fileRef = FA6EF70525B01822008E733E /* SecondViewContoller.swift */; };
		FA6EF70A25B01E31008E733E /* ResultViewController.swift in Sources */ = {isa = PBXBuildFile; fileRef = FA6EF70925B01E31008E733E /* ResultViewController.swift */; };
		FA6EF70E25B02BB1008E733E /* CalculatorBrain.swift in Sources */ = {isa = PBXBuildFile; fileRef = FA6EF70D25B02BB1008E733E /* CalculatorBrain.swift */; };
		FA6EF71125B033EB008E733E /* BMI.swift in Sources */ = {isa = PBXBuildFile; fileRef = FA6EF71025B033EB008E733E /* BMI.swift */; };
/* End PBXBuildFile section */

/* Begin PBXFileReference section */
		FA58305725AF283500DA02A6 /* BMICalculator.app */ = {isa = PBXFileReference; explicitFileType = wrapper.application; includeInIndex = 0; path = BMICalculator.app; sourceTree = BUILT_PRODUCTS_DIR; };
		FA58305A25AF283500DA02A6 /* AppDelegate.swift */ = {isa = PBXFileReference; lastKnownFileType = sourcecode.swift; path = AppDelegate.swift; sourceTree = "<group>"; };
		FA58305C25AF283500DA02A6 /* SceneDelegate.swift */ = {isa = PBXFileReference; lastKnownFileType = sourcecode.swift; path = SceneDelegate.swift; sourceTree = "<group>"; };
		FA58305E25AF283500DA02A6 /* CalculateViewController.swift */ = {isa = PBXFileReference; lastKnownFileType = sourcecode.swift; path = CalculateViewController.swift; sourceTree = "<group>"; };
		FA58306125AF283500DA02A6 /* Base */ = {isa = PBXFileReference; lastKnownFileType = file.storyboard; name = Base; path = Base.lproj/Main.storyboard; sourceTree = "<group>"; };
		FA58306325AF283700DA02A6 /* Assets.xcassets */ = {isa = PBXFileReference; lastKnownFileType = folder.assetcatalog; path = Assets.xcassets; sourceTree = "<group>"; };
		FA58306625AF283700DA02A6 /* Base */ = {isa = PBXFileReference; lastKnownFileType = file.storyboard; name = Base; path = Base.lproj/LaunchScreen.storyboard; sourceTree = "<group>"; };
		FA58306825AF283700DA02A6 /* Info.plist */ = {isa = PBXFileReference; lastKnownFileType = text.plist.xml; path = Info.plist; sourceTree = "<group>"; };
		FA6EF70525B01822008E733E /* SecondViewContoller.swift */ = {isa = PBXFileReference; lastKnownFileType = sourcecode.swift; path = SecondViewContoller.swift; sourceTree = "<group>"; };
		FA6EF70925B01E31008E733E /* ResultViewController.swift */ = {isa = PBXFileReference; lastKnownFileType = sourcecode.swift; path = ResultViewController.swift; sourceTree = "<group>"; };
		FA6EF70D25B02BB1008E733E /* CalculatorBrain.swift */ = {isa = PBXFileReference; lastKnownFileType = sourcecode.swift; path = CalculatorBrain.swift; sourceTree = "<group>"; };
		FA6EF71025B033EB008E733E /* BMI.swift */ = {isa = PBXFileReference; lastKnownFileType = sourcecode.swift; path = BMI.swift; sourceTree = "<group>"; };
/* End PBXFileReference section */

/* Begin PBXFrameworksBuildPhase section */
		FA58305425AF283500DA02A6 /* Frameworks */ = {
			isa = PBXFrameworksBuildPhase;
			buildActionMask = 2147483647;
			files = (
			);
			runOnlyForDeploymentPostprocessing = 0;
		};
/* End PBXFrameworksBuildPhase section */

/* Begin PBXGroup section */
		FA58304E25AF283500DA02A6 = {
			isa = PBXGroup;
			children = (
				FA58305925AF283500DA02A6 /* BMICalculator */,
				FA58305825AF283500DA02A6 /* Products */,
			);
			sourceTree = "<group>";
		};
		FA58305825AF283500DA02A6 /* Products */ = {
			isa = PBXGroup;
			children = (
				FA58305725AF283500DA02A6 /* BMICalculator.app */,
			);
			name = Products;
			sourceTree = "<group>";
		};
		FA58305925AF283500DA02A6 /* BMICalculator */ = {
			isa = PBXGroup;
			children = (
				FA6EF70125B017BE008E733E /* Models */,
				FA58305A25AF283500DA02A6 /* AppDelegate.swift */,
				FA58305C25AF283500DA02A6 /* SceneDelegate.swift */,
				FA6EF70325B017D4008E733E /* Controllers */,
				FA6EF70225B017CC008E733E /* Views */,
				FA58306325AF283700DA02A6 /* Assets.xcassets */,
				FA58306525AF283700DA02A6 /* LaunchScreen.storyboard */,
				FA58306825AF283700DA02A6 /* Info.plist */,
			);
			path = BMICalculator;
			sourceTree = "<group>";
		};
		FA6EF70125B017BE008E733E /* Models */ = {
			isa = PBXGroup;
			children = (
				FA6EF70D25B02BB1008E733E /* CalculatorBrain.swift */,
				FA6EF71025B033EB008E733E /* BMI.swift */,
			);
			path = Models;
			sourceTree = "<group>";
		};
		FA6EF70225B017CC008E733E /* Views */ = {
			isa = PBXGroup;
			children = (
				FA58306025AF283500DA02A6 /* Main.storyboard */,
			);
			path = Views;
			sourceTree = "<group>";
		};
		FA6EF70325B017D4008E733E /* Controllers */ = {
			isa = PBXGroup;
			children = (
				FA58305E25AF283500DA02A6 /* CalculateViewController.swift */,
				FA6EF70525B01822008E733E /* SecondViewContoller.swift */,
				FA6EF70925B01E31008E733E /* ResultViewController.swift */,
			);
			path = Controllers;
			sourceTree = "<group>";
		};
/* End PBXGroup section */

/* Begin PBXNativeTarget section */
		FA58305625AF283500DA02A6 /* BMICalculator */ = {
			isa = PBXNativeTarget;
			buildConfigurationList = FA58306B25AF283700DA02A6 /* Build configuration list for PBXNativeTarget "BMICalculator" */;
			buildPhases = (
				FA58305325AF283500DA02A6 /* Sources */,
				FA58305425AF283500DA02A6 /* Frameworks */,
				FA58305525AF283500DA02A6 /* Resources */,
			);
			buildRules = (
			);
			dependencies = (
			);
			name = BMICalculator;
			productName = BMICalculator;
			productReference = FA58305725AF283500DA02A6 /* BMICalculator.app */;
			productType = "com.apple.product-type.application";
		};
/* End PBXNativeTarget section */

/* Begin PBXProject section */
		FA58304F25AF283500DA02A6 /* Project object */ = {
			isa = PBXProject;
			attributes = {
				LastSwiftUpdateCheck = 1200;
				LastUpgradeCheck = 1200;
				TargetAttributes = {
					FA58305625AF283500DA02A6 = {
						CreatedOnToolsVersion = 12.0.1;
					};
				};
			};
			buildConfigurationList = FA58305225AF283500DA02A6 /* Build configuration list for PBXProject "BMICalculator" */;
			compatibilityVersion = "Xcode 9.3";
			developmentRegion = en;
			hasScannedForEncodings = 0;
			knownRegions = (
				en,
				Base,
			);
			mainGroup = FA58304E25AF283500DA02A6;
			productRefGroup = FA58305825AF283500DA02A6 /* Products */;
			projectDirPath = "";
			projectRoot = "";
			targets = (
				FA58305625AF283500DA02A6 /* BMICalculator */,
			);
		};
/* End PBXProject section */

/* Begin PBXResourcesBuildPhase section */
		FA58305525AF283500DA02A6 /* Resources */ = {
			isa = PBXResourcesBuildPhase;
			buildActionMask = 2147483647;
			files = (
				FA58306725AF283700DA02A6 /* LaunchScreen.storyboard in Resources */,
				FA58306425AF283700DA02A6 /* Assets.xcassets in Resources */,
				FA58306225AF283500DA02A6 /* Main.storyboard in Resources */,
			);
			runOnlyForDeploymentPostprocessing = 0;
		};
/* End PBXResourcesBuildPhase section */

/* Begin PBXSourcesBuildPhase section */
		FA58305325AF283500DA02A6 /* Sources */ = {
			isa = PBXSourcesBuildPhase;
			buildActionMask = 2147483647;
			files = (
				FA6EF70E25B02BB1008E733E /* CalculatorBrain.swift in Sources */,
				FA6EF70A25B01E31008E733E /* ResultViewController.swift in Sources */,
				FA58305F25AF283500DA02A6 /* CalculateViewController.swift in Sources */,
				FA6EF71125B033EB008E733E /* BMI.swift in Sources */,
				FA6EF70625B01822008E733E /* SecondViewContoller.swift in Sources */,
				FA58305B25AF283500DA02A6 /* AppDelegate.swift in Sources */,
				FA58305D25AF283500DA02A6 /* SceneDelegate.swift in Sources */,
			);
			runOnlyForDeploymentPostprocessing = 0;
		};
/* End PBXSourcesBuildPhase section */

/* Begin PBXVariantGroup section */
		FA58306025AF283500DA02A6 /* Main.storyboard */ = {
			isa = PBXVariantGroup;
			children = (
				FA58306125AF283500DA02A6 /* Base */,
			);
			name = Main.storyboard;
			sourceTree = "<group>";
		};
		FA58306525AF283700DA02A6 /* LaunchScreen.storyboard */ = {
			isa = PBXVariantGroup;
			children = (
				FA58306625AF283700DA02A6 /* Base */,
			);
			name = LaunchScreen.storyboard;
			sourceTree = "<group>";
		};
/* End PBXVariantGroup section */

/* Begin XCBuildConfiguration section */
		FA58306925AF283700DA02A6 /* Debug */ = {
			isa = XCBuildConfiguration;
			buildSettings = {
				ALWAYS_SEARCH_USER_PATHS = NO;
				CLANG_ANALYZER_NONNULL = YES;
				CLANG_ANALYZER_NUMBER_OBJECT_CONVERSION = YES_AGGRESSIVE;
				CLANG_CXX_LANGUAGE_STANDARD = "gnu++14";
				CLANG_CXX_LIBRARY = "libc++";
				CLANG_ENABLE_MODULES = YES;
				CLANG_ENABLE_OBJC_ARC = YES;
				CLANG_ENABLE_OBJC_WEAK = YES;
				CLANG_WARN_BLOCK_CAPTURE_AUTORELEASING = YES;
				CLANG_WARN_BOOL_CONVERSION = YES;
				CLANG_WARN_COMMA = YES;
				CLANG_WARN_CONSTANT_CONVERSION = YES;
				CLANG_WARN_DEPRECATED_OBJC_IMPLEMENTATIONS = YES;
				CLANG_WARN_DIRECT_OBJC_ISA_USAGE = YES_ERROR;
				CLANG_WARN_DOCUMENTATION_COMMENTS = YES;
				CLANG_WARN_EMPTY_BODY = YES;
				CLANG_WARN_ENUM_CONVERSION = YES;
				CLANG_WARN_INFINITE_RECURSION = YES;
				CLANG_WARN_INT_CONVERSION = YES;
				CLANG_WARN_NON_LITERAL_NULL_CONVERSION = YES;
				CLANG_WARN_OBJC_IMPLICIT_RETAIN_SELF = YES;
				CLANG_WARN_OBJC_LITERAL_CONVERSION = YES;
				CLANG_WARN_OBJC_ROOT_CLASS = YES_ERROR;
				CLANG_WARN_QUOTED_INCLUDE_IN_FRAMEWORK_HEADER = YES;
				CLANG_WARN_RANGE_LOOP_ANALYSIS = YES;
				CLANG_WARN_STRICT_PROTOTYPES = YES;
				CLANG_WARN_SUSPICIOUS_MOVE = YES;
				CLANG_WARN_UNGUARDED_AVAILABILITY = YES_AGGRESSIVE;
				CLANG_WARN_UNREACHABLE_CODE = YES;
				CLANG_WARN__DUPLICATE_METHOD_MATCH = YES;
				COPY_PHASE_STRIP = NO;
				DEBUG_INFORMATION_FORMAT = dwarf;
				ENABLE_STRICT_OBJC_MSGSEND = YES;
				ENABLE_TESTABILITY = YES;
				GCC_C_LANGUAGE_STANDARD = gnu11;
				GCC_DYNAMIC_NO_PIC = NO;
				GCC_NO_COMMON_BLOCKS = YES;
				GCC_OPTIMIZATION_LEVEL = 0;
				GCC_PREPROCESSOR_DEFINITIONS = (
					"DEBUG=1",
					"$(inherited)",
				);
				GCC_WARN_64_TO_32_BIT_CONVERSION = YES;
				GCC_WARN_ABOUT_RETURN_TYPE = YES_ERROR;
				GCC_WARN_UNDECLARED_SELECTOR = YES;
				GCC_WARN_UNINITIALIZED_AUTOS = YES_AGGRESSIVE;
				GCC_WARN_UNUSED_FUNCTION = YES;
				GCC_WARN_UNUSED_VARIABLE = YES;
				IPHONEOS_DEPLOYMENT_TARGET = 14.0;
				MTL_ENABLE_DEBUG_INFO = INCLUDE_SOURCE;
				MTL_FAST_MATH = YES;
				ONLY_ACTIVE_ARCH = YES;
				SDKROOT = iphoneos;
				SWIFT_ACTIVE_COMPILATION_CONDITIONS = DEBUG;
				SWIFT_OPTIMIZATION_LEVEL = "-Onone";
			};
			name = Debug;
		};
		FA58306A25AF283700DA02A6 /* Release */ = {
			isa = XCBuildConfiguration;
			buildSettings = {
				ALWAYS_SEARCH_USER_PATHS = NO;
				CLANG_ANALYZER_NONNULL = YES;
				CLANG_ANALYZER_NUMBER_OBJECT_CONVERSION = YES_AGGRESSIVE;
				CLANG_CXX_LANGUAGE_STANDARD = "gnu++14";
				CLANG_CXX_LIBRARY = "libc++";
				CLANG_ENABLE_MODULES = YES;
				CLANG_ENABLE_OBJC_ARC = YES;
				CLANG_ENABLE_OBJC_WEAK = YES;
				CLANG_WARN_BLOCK_CAPTURE_AUTORELEASING = YES;
				CLANG_WARN_BOOL_CONVERSION = YES;
				CLANG_WARN_COMMA = YES;
				CLANG_WARN_CONSTANT_CONVERSION = YES;
				CLANG_WARN_DEPRECATED_OBJC_IMPLEMENTATIONS = YES;
				CLANG_WARN_DIRECT_OBJC_ISA_USAGE = YES_ERROR;
				CLANG_WARN_DOCUMENTATION_COMMENTS = YES;
				CLANG_WARN_EMPTY_BODY = YES;
				CLANG_WARN_ENUM_CONVERSION = YES;
				CLANG_WARN_INFINITE_RECURSION = YES;
				CLANG_WARN_INT_CONVERSION = YES;
				CLANG_WARN_NON_LITERAL_NULL_CONVERSION = YES;
				CLANG_WARN_OBJC_IMPLICIT_RETAIN_SELF = YES;
				CLANG_WARN_OBJC_LITERAL_CONVERSION = YES;
				CLANG_WARN_OBJC_ROOT_CLASS = YES_ERROR;
				CLANG_WARN_QUOTED_INCLUDE_IN_FRAMEWORK_HEADER = YES;
				CLANG_WARN_RANGE_LOOP_ANALYSIS = YES;
				CLANG_WARN_STRICT_PROTOTYPES = YES;
				CLANG_WARN_SUSPICIOUS_MOVE = YES;
				CLANG_WARN_UNGUARDED_AVAILABILITY = YES_AGGRESSIVE;
				CLANG_WARN_UNREACHABLE_CODE = YES;
				CLANG_WARN__DUPLICATE_METHOD_MATCH = YES;
				COPY_PHASE_STRIP = NO;
				DEBUG_INFORMATION_FORMAT = "dwarf-with-dsym";
				ENABLE_NS_ASSERTIONS = NO;
				ENABLE_STRICT_OBJC_MSGSEND = YES;
				GCC_C_LANGUAGE_STANDARD = gnu11;
				GCC_NO_COMMON_BLOCKS = YES;
				GCC_WARN_64_TO_32_BIT_CONVERSION = YES;
				GCC_WARN_ABOUT_RETURN_TYPE = YES_ERROR;
				GCC_WARN_UNDECLARED_SELECTOR = YES;
				GCC_WARN_UNINITIALIZED_AUTOS = YES_AGGRESSIVE;
				GCC_WARN_UNUSED_FUNCTION = YES;
				GCC_WARN_UNUSED_VARIABLE = YES;
				IPHONEOS_DEPLOYMENT_TARGET = 14.0;
				MTL_ENABLE_DEBUG_INFO = NO;
				MTL_FAST_MATH = YES;
				SDKROOT = iphoneos;
				SWIFT_COMPILATION_MODE = wholemodule;
				SWIFT_OPTIMIZATION_LEVEL = "-O";
				VALIDATE_PRODUCT = YES;
			};
			name = Release;
		};
		FA58306C25AF283700DA02A6 /* Debug */ = {
			isa = XCBuildConfiguration;
			buildSettings = {
				ASSETCATALOG_COMPILER_APPICON_NAME = AppIcon;
				ASSETCATALOG_COMPILER_GLOBAL_ACCENT_COLOR_NAME = AccentColor;
				CODE_SIGN_STYLE = Automatic;
				DEVELOPMENT_TEAM = KHK3PT3MZR;
				INFOPLIST_FILE = BMICalculator/Info.plist;
				LD_RUNPATH_SEARCH_PATHS = (
					"$(inherited)",
					"@executable_path/Frameworks",
				);
				PRODUCT_BUNDLE_IDENTIFIER = Nikolai.Borisov.BMICalculator;
				PRODUCT_NAME = "$(TARGET_NAME)";
				SWIFT_VERSION = 5.0;
				TARGETED_DEVICE_FAMILY = "1,2";
			};
			name = Debug;
		};
		FA58306D25AF283700DA02A6 /* Release */ = {
			isa = XCBuildConfiguration;
			buildSettings = {
				ASSETCATALOG_COMPILER_APPICON_NAME = AppIcon;
				ASSETCATALOG_COMPILER_GLOBAL_ACCENT_COLOR_NAME = AccentColor;
				CODE_SIGN_STYLE = Automatic;
				DEVELOPMENT_TEAM = KHK3PT3MZR;
				INFOPLIST_FILE = BMICalculator/Info.plist;
				LD_RUNPATH_SEARCH_PATHS = (
					"$(inherited)",
					"@executable_path/Frameworks",
				);
				PRODUCT_BUNDLE_IDENTIFIER = Nikolai.Borisov.BMICalculator;
				PRODUCT_NAME = "$(TARGET_NAME)";
				SWIFT_VERSION = 5.0;
				TARGETED_DEVICE_FAMILY = "1,2";
			};
			name = Release;
		};
/* End XCBuildConfiguration section */

/* Begin XCConfigurationList section */
		FA58305225AF283500DA02A6 /* Build configuration list for PBXProject "BMICalculator" */ = {
			isa = XCConfigurationList;
			buildConfigurations = (
				FA58306925AF283700DA02A6 /* Debug */,
				FA58306A25AF283700DA02A6 /* Release */,
			);
			defaultConfigurationIsVisible = 0;
			defaultConfigurationName = Release;
		};
		FA58306B25AF283700DA02A6 /* Build configuration list for PBXNativeTarget "BMICalculator" */ = {
			isa = XCConfigurationList;
			buildConfigurations = (
				FA58306C25AF283700DA02A6 /* Debug */,
				FA58306D25AF283700DA02A6 /* Release */,
			);
			defaultConfigurationIsVisible = 0;
			defaultConfigurationName = Release;
		};
/* End XCConfigurationList section */
	};
	rootObject = FA58304F25AF283500DA02A6 /* Project object */;
}
