// !$*UTF8*$!
{
	archiveVersion = 1;
	classes = {
	};
	objectVersion = 50;
	objects = {

/* Begin PBXBuildFile section */
		FA0402D925B2D0D8001868EA /* AppDelegate.swift in Sources */ = {isa = PBXBuildFile; fileRef = FA0402D825B2D0D8001868EA /* AppDelegate.swift */; };
		FA0402DB25B2D0D8001868EA /* SceneDelegate.swift in Sources */ = {isa = PBXBuildFile; fileRef = FA0402DA25B2D0D8001868EA /* SceneDelegate.swift */; };
		FA0402DD25B2D0D8001868EA /* WeatherViewController.swift in Sources */ = {isa = PBXBuildFile; fileRef = FA0402DC25B2D0D8001868EA /* WeatherViewController.swift */; };
		FA0402E025B2D0D8001868EA /* Main.storyboard in Resources */ = {isa = PBXBuildFile; fileRef = FA0402DE25B2D0D8001868EA /* Main.storyboard */; };
		FA0402E225B2D0DB001868EA /* Assets.xcassets in Resources */ = {isa = PBXBuildFile; fileRef = FA0402E125B2D0DB001868EA /* Assets.xcassets */; };
		FA0402E525B2D0DB001868EA /* LaunchScreen.storyboard in Resources */ = {isa = PBXBuildFile; fileRef = FA0402E325B2D0DB001868EA /* LaunchScreen.storyboard */; };
		FA8C5E5925B57D83004F1EF6 /* WeatherManager.swift in Sources */ = {isa = PBXBuildFile; fileRef = FA8C5E5825B57D83004F1EF6 /* WeatherManager.swift */; };
		FA8C5E5C25B59C16004F1EF6 /* WeatherData.swift in Sources */ = {isa = PBXBuildFile; fileRef = FA8C5E5B25B59C16004F1EF6 /* WeatherData.swift */; };
		FA8C5E5F25B5A6E1004F1EF6 /* WeatherModel.swift in Sources */ = {isa = PBXBuildFile; fileRef = FA8C5E5E25B5A6E1004F1EF6 /* WeatherModel.swift */; };
		FAF5D82F25B2EAAF003FBF38 /* light_background.pdf in Resources */ = {isa = PBXBuildFile; fileRef = FAF5D82E25B2EAAF003FBF38 /* light_background.pdf */; };
		FAF5D83225B2EAB7003FBF38 /* dark_background.pdf in Resources */ = {isa = PBXBuildFile; fileRef = FAF5D83125B2EAB7003FBF38 /* dark_background.pdf */; };
/* End PBXBuildFile section */

/* Begin PBXFileReference section */
		FA0402D525B2D0D8001868EA /* ClimaApp.app */ = {isa = PBXFileReference; explicitFileType = wrapper.application; includeInIndex = 0; path = ClimaApp.app; sourceTree = BUILT_PRODUCTS_DIR; };
		FA0402D825B2D0D8001868EA /* AppDelegate.swift */ = {isa = PBXFileReference; lastKnownFileType = sourcecode.swift; path = AppDelegate.swift; sourceTree = "<group>"; };
		FA0402DA25B2D0D8001868EA /* SceneDelegate.swift */ = {isa = PBXFileReference; lastKnownFileType = sourcecode.swift; path = SceneDelegate.swift; sourceTree = "<group>"; };
		FA0402DC25B2D0D8001868EA /* WeatherViewController.swift */ = {isa = PBXFileReference; lastKnownFileType = sourcecode.swift; path = WeatherViewController.swift; sourceTree = "<group>"; };
		FA0402DF25B2D0D8001868EA /* Base */ = {isa = PBXFileReference; lastKnownFileType = file.storyboard; name = Base; path = Base.lproj/Main.storyboard; sourceTree = "<group>"; };
		FA0402E125B2D0DB001868EA /* Assets.xcassets */ = {isa = PBXFileReference; lastKnownFileType = folder.assetcatalog; path = Assets.xcassets; sourceTree = "<group>"; };
		FA0402E425B2D0DB001868EA /* Base */ = {isa = PBXFileReference; lastKnownFileType = file.storyboard; name = Base; path = Base.lproj/LaunchScreen.storyboard; sourceTree = "<group>"; };
		FA0402E625B2D0DB001868EA /* Info.plist */ = {isa = PBXFileReference; lastKnownFileType = text.plist.xml; path = Info.plist; sourceTree = "<group>"; };
		FA8C5E5825B57D83004F1EF6 /* WeatherManager.swift */ = {isa = PBXFileReference; lastKnownFileType = sourcecode.swift; path = WeatherManager.swift; sourceTree = "<group>"; };
		FA8C5E5B25B59C16004F1EF6 /* WeatherData.swift */ = {isa = PBXFileReference; lastKnownFileType = sourcecode.swift; path = WeatherData.swift; sourceTree = "<group>"; };
		FA8C5E5E25B5A6E1004F1EF6 /* WeatherModel.swift */ = {isa = PBXFileReference; lastKnownFileType = sourcecode.swift; path = WeatherModel.swift; sourceTree = "<group>"; };
		FAF5D82E25B2EAAF003FBF38 /* light_background.pdf */ = {isa = PBXFileReference; lastKnownFileType = image.pdf; path = light_background.pdf; sourceTree = "<group>"; };
		FAF5D83125B2EAB7003FBF38 /* dark_background.pdf */ = {isa = PBXFileReference; lastKnownFileType = image.pdf; path = dark_background.pdf; sourceTree = "<group>"; };
/* End PBXFileReference section */

/* Begin PBXFrameworksBuildPhase section */
		FA0402D225B2D0D8001868EA /* Frameworks */ = {
			isa = PBXFrameworksBuildPhase;
			buildActionMask = 2147483647;
			files = (
			);
			runOnlyForDeploymentPostprocessing = 0;
		};
/* End PBXFrameworksBuildPhase section */

/* Begin PBXGroup section */
		FA0402CC25B2D0D8001868EA = {
			isa = PBXGroup;
			children = (
				FA0402D725B2D0D8001868EA /* ClimaApp */,
			);
			sourceTree = "<group>";
		};
		FA0402D625B2D0D8001868EA /* Products */ = {
			isa = PBXGroup;
			children = (
				FA0402D525B2D0D8001868EA /* ClimaApp.app */,
			);
			name = Products;
			path = ..;
			sourceTree = "<group>";
		};
		FA0402D725B2D0D8001868EA /* ClimaApp */ = {
			isa = PBXGroup;
			children = (
				FA0402D825B2D0D8001868EA /* AppDelegate.swift */,
				FA0402DA25B2D0D8001868EA /* SceneDelegate.swift */,
				FA0402F825B2D4A5001868EA /* Models */,
				FA0402F325B2D48F001868EA /* Views */,
				FA0402F525B2D498001868EA /* Controllers */,
				FA0402D625B2D0D8001868EA /* Products */,
				FA0402E625B2D0DB001868EA /* Info.plist */,
				FA0402E125B2D0DB001868EA /* Assets.xcassets */,
				FA0402E325B2D0DB001868EA /* LaunchScreen.storyboard */,
				FAF5D82E25B2EAAF003FBF38 /* light_background.pdf */,
				FAF5D83125B2EAB7003FBF38 /* dark_background.pdf */,
			);
			path = ClimaApp;
			sourceTree = "<group>";
		};
		FA0402F325B2D48F001868EA /* Views */ = {
			isa = PBXGroup;
			children = (
				FA0402DE25B2D0D8001868EA /* Main.storyboard */,
			);
			path = Views;
			sourceTree = "<group>";
		};
		FA0402F525B2D498001868EA /* Controllers */ = {
			isa = PBXGroup;
			children = (
				FA0402DC25B2D0D8001868EA /* WeatherViewController.swift */,
			);
			path = Controllers;
			sourceTree = "<group>";
		};
		FA0402F825B2D4A5001868EA /* Models */ = {
			isa = PBXGroup;
			children = (
				FA8C5E5825B57D83004F1EF6 /* WeatherManager.swift */,
				FA8C5E5B25B59C16004F1EF6 /* WeatherData.swift */,
				FA8C5E5E25B5A6E1004F1EF6 /* WeatherModel.swift */,
			);
			path = Models;
			sourceTree = "<group>";
		};
/* End PBXGroup section */

/* Begin PBXNativeTarget section */
		FA0402D425B2D0D8001868EA /* ClimaApp */ = {
			isa = PBXNativeTarget;
			buildConfigurationList = FA0402E925B2D0DB001868EA /* Build configuration list for PBXNativeTarget "ClimaApp" */;
			buildPhases = (
				FA0402D125B2D0D8001868EA /* Sources */,
				FA0402D225B2D0D8001868EA /* Frameworks */,
				FA0402D325B2D0D8001868EA /* Resources */,
			);
			buildRules = (
			);
			dependencies = (
			);
			name = ClimaApp;
			productName = ClimaApp;
			productReference = FA0402D525B2D0D8001868EA /* ClimaApp.app */;
			productType = "com.apple.product-type.application";
		};
/* End PBXNativeTarget section */

/* Begin PBXProject section */
		FA0402CD25B2D0D8001868EA /* Project object */ = {
			isa = PBXProject;
			attributes = {
				LastSwiftUpdateCheck = 1200;
				LastUpgradeCheck = 1200;
				TargetAttributes = {
					FA0402D425B2D0D8001868EA = {
						CreatedOnToolsVersion = 12.0.1;
					};
				};
			};
			buildConfigurationList = FA0402D025B2D0D8001868EA /* Build configuration list for PBXProject "ClimaApp" */;
			compatibilityVersion = "Xcode 9.3";
			developmentRegion = en;
			hasScannedForEncodings = 0;
			knownRegions = (
				en,
				Base,
			);
			mainGroup = FA0402CC25B2D0D8001868EA;
			productRefGroup = FA0402D625B2D0D8001868EA /* Products */;
			projectDirPath = "";
			projectRoot = "";
			targets = (
				FA0402D425B2D0D8001868EA /* ClimaApp */,
			);
		};
/* End PBXProject section */

/* Begin PBXResourcesBuildPhase section */
		FA0402D325B2D0D8001868EA /* Resources */ = {
			isa = PBXResourcesBuildPhase;
			buildActionMask = 2147483647;
			files = (
				FAF5D83225B2EAB7003FBF38 /* dark_background.pdf in Resources */,
				FA0402E525B2D0DB001868EA /* LaunchScreen.storyboard in Resources */,
				FA0402E225B2D0DB001868EA /* Assets.xcassets in Resources */,
				FA0402E025B2D0D8001868EA /* Main.storyboard in Resources */,
				FAF5D82F25B2EAAF003FBF38 /* light_background.pdf in Resources */,
			);
			runOnlyForDeploymentPostprocessing = 0;
		};
/* End PBXResourcesBuildPhase section */

/* Begin PBXSourcesBuildPhase section */
		FA0402D125B2D0D8001868EA /* Sources */ = {
			isa = PBXSourcesBuildPhase;
			buildActionMask = 2147483647;
			files = (
				FA0402DD25B2D0D8001868EA /* WeatherViewController.swift in Sources */,
				FA8C5E5C25B59C16004F1EF6 /* WeatherData.swift in Sources */,
				FA0402D925B2D0D8001868EA /* AppDelegate.swift in Sources */,
				FA8C5E5925B57D83004F1EF6 /* WeatherManager.swift in Sources */,
				FA8C5E5F25B5A6E1004F1EF6 /* WeatherModel.swift in Sources */,
				FA0402DB25B2D0D8001868EA /* SceneDelegate.swift in Sources */,
			);
			runOnlyForDeploymentPostprocessing = 0;
		};
/* End PBXSourcesBuildPhase section */

/* Begin PBXVariantGroup section */
		FA0402DE25B2D0D8001868EA /* Main.storyboard */ = {
			isa = PBXVariantGroup;
			children = (
				FA0402DF25B2D0D8001868EA /* Base */,
			);
			name = Main.storyboard;
			sourceTree = "<group>";
		};
		FA0402E325B2D0DB001868EA /* LaunchScreen.storyboard */ = {
			isa = PBXVariantGroup;
			children = (
				FA0402E425B2D0DB001868EA /* Base */,
			);
			name = LaunchScreen.storyboard;
			sourceTree = "<group>";
		};
/* End PBXVariantGroup section */

/* Begin XCBuildConfiguration section */
		FA0402E725B2D0DB001868EA /* Debug */ = {
			isa = XCBuildConfiguration;
			buildSettings = {
				ALWAYS_SEARCH_USER_PATHS = NO;
				CLANG_ANALYZER_NONNULL = YES;
				CLANG_ANALYZER_NUMBER_OBJECT_CONVERSION = YES_AGGRESSIVE;
				CLANG_CXX_LANGUAGE_STANDARD = "gnu++14";
				CLANG_CXX_LIBRARY = "libc++";
				CLANG_ENABLE_MODULES = YES;
				CLANG_ENABLE_OBJC_ARC = YES;
				CLANG_ENABLE_OBJC_WEAK = YES;
				CLANG_WARN_BLOCK_CAPTURE_AUTORELEASING = YES;
				CLANG_WARN_BOOL_CONVERSION = YES;
				CLANG_WARN_COMMA = YES;
				CLANG_WARN_CONSTANT_CONVERSION = YES;
				CLANG_WARN_DEPRECATED_OBJC_IMPLEMENTATIONS = YES;
				CLANG_WARN_DIRECT_OBJC_ISA_USAGE = YES_ERROR;
				CLANG_WARN_DOCUMENTATION_COMMENTS = YES;
				CLANG_WARN_EMPTY_BODY = YES;
				CLANG_WARN_ENUM_CONVERSION = YES;
				CLANG_WARN_INFINITE_RECURSION = YES;
				CLANG_WARN_INT_CONVERSION = YES;
				CLANG_WARN_NON_LITERAL_NULL_CONVERSION = YES;
				CLANG_WARN_OBJC_IMPLICIT_RETAIN_SELF = YES;
				CLANG_WARN_OBJC_LITERAL_CONVERSION = YES;
				CLANG_WARN_OBJC_ROOT_CLASS = YES_ERROR;
				CLANG_WARN_QUOTED_INCLUDE_IN_FRAMEWORK_HEADER = YES;
				CLANG_WARN_RANGE_LOOP_ANALYSIS = YES;
				CLANG_WARN_STRICT_PROTOTYPES = YES;
				CLANG_WARN_SUSPICIOUS_MOVE = YES;
				CLANG_WARN_UNGUARDED_AVAILABILITY = YES_AGGRESSIVE;
				CLANG_WARN_UNREACHABLE_CODE = YES;
				CLANG_WARN__DUPLICATE_METHOD_MATCH = YES;
				COPY_PHASE_STRIP = NO;
				DEBUG_INFORMATION_FORMAT = dwarf;
				ENABLE_STRICT_OBJC_MSGSEND = YES;
				ENABLE_TESTABILITY = YES;
				GCC_C_LANGUAGE_STANDARD = gnu11;
				GCC_DYNAMIC_NO_PIC = NO;
				GCC_NO_COMMON_BLOCKS = YES;
				GCC_OPTIMIZATION_LEVEL = 0;
				GCC_PREPROCESSOR_DEFINITIONS = (
					"DEBUG=1",
					"$(inherited)",
				);
				GCC_WARN_64_TO_32_BIT_CONVERSION = YES;
				GCC_WARN_ABOUT_RETURN_TYPE = YES_ERROR;
				GCC_WARN_UNDECLARED_SELECTOR = YES;
				GCC_WARN_UNINITIALIZED_AUTOS = YES_AGGRESSIVE;
				GCC_WARN_UNUSED_FUNCTION = YES;
				GCC_WARN_UNUSED_VARIABLE = YES;
				IPHONEOS_DEPLOYMENT_TARGET = 14.0;
				MTL_ENABLE_DEBUG_INFO = INCLUDE_SOURCE;
				MTL_FAST_MATH = YES;
				ONLY_ACTIVE_ARCH = YES;
				SDKROOT = iphoneos;
				SWIFT_ACTIVE_COMPILATION_CONDITIONS = DEBUG;
				SWIFT_OPTIMIZATION_LEVEL = "-Onone";
			};
			name = Debug;
		};
		FA0402E825B2D0DB001868EA /* Release */ = {
			isa = XCBuildConfiguration;
			buildSettings = {
				ALWAYS_SEARCH_USER_PATHS = NO;
				CLANG_ANALYZER_NONNULL = YES;
				CLANG_ANALYZER_NUMBER_OBJECT_CONVERSION = YES_AGGRESSIVE;
				CLANG_CXX_LANGUAGE_STANDARD = "gnu++14";
				CLANG_CXX_LIBRARY = "libc++";
				CLANG_ENABLE_MODULES = YES;
				CLANG_ENABLE_OBJC_ARC = YES;
				CLANG_ENABLE_OBJC_WEAK = YES;
				CLANG_WARN_BLOCK_CAPTURE_AUTORELEASING = YES;
				CLANG_WARN_BOOL_CONVERSION = YES;
				CLANG_WARN_COMMA = YES;
				CLANG_WARN_CONSTANT_CONVERSION = YES;
				CLANG_WARN_DEPRECATED_OBJC_IMPLEMENTATIONS = YES;
				CLANG_WARN_DIRECT_OBJC_ISA_USAGE = YES_ERROR;
				CLANG_WARN_DOCUMENTATION_COMMENTS = YES;
				CLANG_WARN_EMPTY_BODY = YES;
				CLANG_WARN_ENUM_CONVERSION = YES;
				CLANG_WARN_INFINITE_RECURSION = YES;
				CLANG_WARN_INT_CONVERSION = YES;
				CLANG_WARN_NON_LITERAL_NULL_CONVERSION = YES;
				CLANG_WARN_OBJC_IMPLICIT_RETAIN_SELF = YES;
				CLANG_WARN_OBJC_LITERAL_CONVERSION = YES;
				CLANG_WARN_OBJC_ROOT_CLASS = YES_ERROR;
				CLANG_WARN_QUOTED_INCLUDE_IN_FRAMEWORK_HEADER = YES;
				CLANG_WARN_RANGE_LOOP_ANALYSIS = YES;
				CLANG_WARN_STRICT_PROTOTYPES = YES;
				CLANG_WARN_SUSPICIOUS_MOVE = YES;
				CLANG_WARN_UNGUARDED_AVAILABILITY = YES_AGGRESSIVE;
				CLANG_WARN_UNREACHABLE_CODE = YES;
				CLANG_WARN__DUPLICATE_METHOD_MATCH = YES;
				COPY_PHASE_STRIP = NO;
				DEBUG_INFORMATION_FORMAT = "dwarf-with-dsym";
				ENABLE_NS_ASSERTIONS = NO;
				ENABLE_STRICT_OBJC_MSGSEND = YES;
				GCC_C_LANGUAGE_STANDARD = gnu11;
				GCC_NO_COMMON_BLOCKS = YES;
				GCC_WARN_64_TO_32_BIT_CONVERSION = YES;
				GCC_WARN_ABOUT_RETURN_TYPE = YES_ERROR;
				GCC_WARN_UNDECLARED_SELECTOR = YES;
				GCC_WARN_UNINITIALIZED_AUTOS = YES_AGGRESSIVE;
				GCC_WARN_UNUSED_FUNCTION = YES;
				GCC_WARN_UNUSED_VARIABLE = YES;
				IPHONEOS_DEPLOYMENT_TARGET = 14.0;
				MTL_ENABLE_DEBUG_INFO = NO;
				MTL_FAST_MATH = YES;
				SDKROOT = iphoneos;
				SWIFT_COMPILATION_MODE = wholemodule;
				SWIFT_OPTIMIZATION_LEVEL = "-O";
				VALIDATE_PRODUCT = YES;
			};
			name = Release;
		};
		FA0402EA25B2D0DB001868EA /* Debug */ = {
			isa = XCBuildConfiguration;
			buildSettings = {
				ASSETCATALOG_COMPILER_APPICON_NAME = AppIcon;
				ASSETCATALOG_COMPILER_GLOBAL_ACCENT_COLOR_NAME = AccentColor;
				CODE_SIGN_STYLE = Automatic;
				DEVELOPMENT_TEAM = KHK3PT3MZR;
				INFOPLIST_FILE = ClimaApp/Info.plist;
				LD_RUNPATH_SEARCH_PATHS = (
					"$(inherited)",
					"@executable_path/Frameworks",
				);
				PRODUCT_BUNDLE_IDENTIFIER = Nikolai.Borisov.ClimaApp;
				PRODUCT_NAME = "$(TARGET_NAME)";
				SWIFT_VERSION = 5.0;
				TARGETED_DEVICE_FAMILY = "1,2";
			};
			name = Debug;
		};
		FA0402EB25B2D0DB001868EA /* Release */ = {
			isa = XCBuildConfiguration;
			buildSettings = {
				ASSETCATALOG_COMPILER_APPICON_NAME = AppIcon;
				ASSETCATALOG_COMPILER_GLOBAL_ACCENT_COLOR_NAME = AccentColor;
				CODE_SIGN_STYLE = Automatic;
				DEVELOPMENT_TEAM = KHK3PT3MZR;
				INFOPLIST_FILE = ClimaApp/Info.plist;
				LD_RUNPATH_SEARCH_PATHS = (
					"$(inherited)",
					"@executable_path/Frameworks",
				);
				PRODUCT_BUNDLE_IDENTIFIER = Nikolai.Borisov.ClimaApp;
				PRODUCT_NAME = "$(TARGET_NAME)";
				SWIFT_VERSION = 5.0;
				TARGETED_DEVICE_FAMILY = "1,2";
			};
			name = Release;
		};
/* End XCBuildConfiguration section */

/* Begin XCConfigurationList section */
		FA0402D025B2D0D8001868EA /* Build configuration list for PBXProject "ClimaApp" */ = {
			isa = XCConfigurationList;
			buildConfigurations = (
				FA0402E725B2D0DB001868EA /* Debug */,
				FA0402E825B2D0DB001868EA /* Release */,
			);
			defaultConfigurationIsVisible = 0;
			defaultConfigurationName = Release;
		};
		FA0402E925B2D0DB001868EA /* Build configuration list for PBXNativeTarget "ClimaApp" */ = {
			isa = XCConfigurationList;
			buildConfigurations = (
				FA0402EA25B2D0DB001868EA /* Debug */,
				FA0402EB25B2D0DB001868EA /* Release */,
			);
			defaultConfigurationIsVisible = 0;
			defaultConfigurationName = Release;
		};
/* End XCConfigurationList section */
	};
	rootObject = FA0402CD25B2D0D8001868EA /* Project object */;
}
